
Microsoft Visual Studio Solution File, Format Version 12.00
# Visual Studio Version 17
VisualStudioVersion = 17.0.31903.59
MinimumVisualStudioVersion = 10.0.40219.1
Project("{9A19103F-16F7-4668-BE54-9A1E7A4F7556}") = "FormationDotnet", "FormationDotnet\FormationDotnet.csproj", "{119C3128-7FE2-49EF-929E-B2FF6AF4FE01}"
EndProject
Project("{9A19103F-16F7-4668-BE54-9A1E7A4F7556}") = "ConsoleApp1", "ConsoleApp1\ConsoleApp1.csproj", "{37CE1325-7F81-46FA-BAF1-F86FF2F64E2F}"
EndProject
Project("{9A19103F-16F7-4668-BE54-9A1E7A4F7556}") = "ConsoleApp2", "ConsoleApp2\ConsoleApp2.csproj", "{59F46978-26AC-429D-BB1E-0D5BF033386D}"
EndProject
Project("{9A19103F-16F7-4668-BE54-9A1E7A4F7556}") = "ZooRobots", "ZooRobots\ZooRobots.csproj", "{60F5D521-914C-48B2-A6A8-A215AD4DD3B6}"
EndProject
Project("{9A19103F-16F7-4668-BE54-9A1E7A4F7556}") = "FonctionsRefOut", "FonctionsRefOut\FonctionsRefOut.csproj", "{2AE72370-AE3F-4621-98F8-BB2389C33F62}"
EndProject
Project("{9A19103F-16F7-4668-BE54-9A1E7A4F7556}") = "GameProject", "Game\GameProject.csproj", "{9D216B00-3418-4360-BC8C-201FD9C270D0}"
EndProject
Project("{FAE04EC0-301F-11D3-BF4B-00C04F79EFBC}") = "GestionArmes", "GestionArmes\GestionArmes.csproj", "{3619C54E-4C4F-4C2A-B9B0-AA3B0BC4A612}"
EndProject
Project("{FAE04EC0-301F-11D3-BF4B-00C04F79EFBC}") = "LesArmes", "LesArmes\LesArmes.csproj", "{023B0351-7A29-4E56-8E84-181CED290F71}"
EndProject
Project("{2150E333-8FDC-42A3-9474-1A3956D46DE8}") = "Librairies", "Librairies", "{A2586B30-717E-4F77-806E-672DD360158A}"
EndProject
Project("{2150E333-8FDC-42A3-9474-1A3956D46DE8}") = "Application", "Application", "{3C929924-BEAC-49FC-B3AB-70A8E50BCB24}"
EndProject
Project("{FAE04EC0-301F-11D3-BF4B-00C04F79EFBC}") = "DeleguesEtEvenements", "DeleguesEtEvenements\DeleguesEtEvenements.csproj", "{088C0C9F-21C8-4684-9580-0D6511114A2B}"
EndProject
Project("{2150E333-8FDC-42A3-9474-1A3956D46DE8}") = "Examples", "Examples", "{1DCA365E-3419-4652-BB33-6CB19E48D3AF}"
EndProject
Project("{FAE04EC0-301F-11D3-BF4B-00C04F79EFBC}") = "CalculTTCDelegues", "CalculTTCDelegues\CalculTTCDelegues.csproj", "{BF817347-C7C9-43CC-A55C-BB3A36B1813B}"
EndProject
Project("{FAE04EC0-301F-11D3-BF4B-00C04F79EFBC}") = "AuBoulot", "AuBoulot\AuBoulot.csproj", "{EBBE7D6E-8520-4D35-A255-07283D4D9ADD}"
EndProject
Global
	GlobalSection(SolutionConfigurationPlatforms) = preSolution
		Debug|Any CPU = Debug|Any CPU
		Release|Any CPU = Release|Any CPU
	EndGlobalSection
	GlobalSection(ProjectConfigurationPlatforms) = postSolution
		{119C3128-7FE2-49EF-929E-B2FF6AF4FE01}.Debug|Any CPU.ActiveCfg = Debug|Any CPU
		{119C3128-7FE2-49EF-929E-B2FF6AF4FE01}.Debug|Any CPU.Build.0 = Debug|Any CPU
		{119C3128-7FE2-49EF-929E-B2FF6AF4FE01}.Release|Any CPU.ActiveCfg = Release|Any CPU
		{119C3128-7FE2-49EF-929E-B2FF6AF4FE01}.Release|Any CPU.Build.0 = Release|Any CPU
		{37CE1325-7F81-46FA-BAF1-F86FF2F64E2F}.Debug|Any CPU.ActiveCfg = Debug|Any CPU
		{37CE1325-7F81-46FA-BAF1-F86FF2F64E2F}.Debug|Any CPU.Build.0 = Debug|Any CPU
		{37CE1325-7F81-46FA-BAF1-F86FF2F64E2F}.Release|Any CPU.ActiveCfg = Release|Any CPU
		{37CE1325-7F81-46FA-BAF1-F86FF2F64E2F}.Release|Any CPU.Build.0 = Release|Any CPU
		{59F46978-26AC-429D-BB1E-0D5BF033386D}.Debug|Any CPU.ActiveCfg = Debug|Any CPU
		{59F46978-26AC-429D-BB1E-0D5BF033386D}.Debug|Any CPU.Build.0 = Debug|Any CPU
		{59F46978-26AC-429D-BB1E-0D5BF033386D}.Release|Any CPU.ActiveCfg = Release|Any CPU
		{59F46978-26AC-429D-BB1E-0D5BF033386D}.Release|Any CPU.Build.0 = Release|Any CPU
		{60F5D521-914C-48B2-A6A8-A215AD4DD3B6}.Debug|Any CPU.ActiveCfg = Debug|Any CPU
		{60F5D521-914C-48B2-A6A8-A215AD4DD3B6}.Debug|Any CPU.Build.0 = Debug|Any CPU
		{60F5D521-914C-48B2-A6A8-A215AD4DD3B6}.Release|Any CPU.ActiveCfg = Release|Any CPU
		{60F5D521-914C-48B2-A6A8-A215AD4DD3B6}.Release|Any CPU.Build.0 = Release|Any CPU
		{2AE72370-AE3F-4621-98F8-BB2389C33F62}.Debug|Any CPU.ActiveCfg = Debug|Any CPU
		{2AE72370-AE3F-4621-98F8-BB2389C33F62}.Debug|Any CPU.Build.0 = Debug|Any CPU
		{2AE72370-AE3F-4621-98F8-BB2389C33F62}.Release|Any CPU.ActiveCfg = Release|Any CPU
		{2AE72370-AE3F-4621-98F8-BB2389C33F62}.Release|Any CPU.Build.0 = Release|Any CPU
		{9D216B00-3418-4360-BC8C-201FD9C270D0}.Debug|Any CPU.ActiveCfg = Debug|Any CPU
		{9D216B00-3418-4360-BC8C-201FD9C270D0}.Debug|Any CPU.Build.0 = Debug|Any CPU
		{9D216B00-3418-4360-BC8C-201FD9C270D0}.Release|Any CPU.ActiveCfg = Release|Any CPU
		{9D216B00-3418-4360-BC8C-201FD9C270D0}.Release|Any CPU.Build.0 = Release|Any CPU
		{3619C54E-4C4F-4C2A-B9B0-AA3B0BC4A612}.Debug|Any CPU.ActiveCfg = Debug|Any CPU
		{3619C54E-4C4F-4C2A-B9B0-AA3B0BC4A612}.Debug|Any CPU.Build.0 = Debug|Any CPU
		{3619C54E-4C4F-4C2A-B9B0-AA3B0BC4A612}.Release|Any CPU.ActiveCfg = Release|Any CPU
		{3619C54E-4C4F-4C2A-B9B0-AA3B0BC4A612}.Release|Any CPU.Build.0 = Release|Any CPU
		{023B0351-7A29-4E56-8E84-181CED290F71}.Debug|Any CPU.ActiveCfg = Debug|Any CPU
		{023B0351-7A29-4E56-8E84-181CED290F71}.Debug|Any CPU.Build.0 = Debug|Any CPU
		{023B0351-7A29-4E56-8E84-181CED290F71}.Release|Any CPU.ActiveCfg = Release|Any CPU
		{023B0351-7A29-4E56-8E84-181CED290F71}.Release|Any CPU.Build.0 = Release|Any CPU
		{088C0C9F-21C8-4684-9580-0D6511114A2B}.Debug|Any CPU.ActiveCfg = Debug|Any CPU
		{088C0C9F-21C8-4684-9580-0D6511114A2B}.Debug|Any CPU.Build.0 = Debug|Any CPU
		{088C0C9F-21C8-4684-9580-0D6511114A2B}.Release|Any CPU.ActiveCfg = Release|Any CPU
		{088C0C9F-21C8-4684-9580-0D6511114A2B}.Release|Any CPU.Build.0 = Release|Any CPU
		{BF817347-C7C9-43CC-A55C-BB3A36B1813B}.Debug|Any CPU.ActiveCfg = Debug|Any CPU
		{BF817347-C7C9-43CC-A55C-BB3A36B1813B}.Debug|Any CPU.Build.0 = Debug|Any CPU
		{BF817347-C7C9-43CC-A55C-BB3A36B1813B}.Release|Any CPU.ActiveCfg = Release|Any CPU
		{BF817347-C7C9-43CC-A55C-BB3A36B1813B}.Release|Any CPU.Build.0 = Release|Any CPU
		{EBBE7D6E-8520-4D35-A255-07283D4D9ADD}.Debug|Any CPU.ActiveCfg = Debug|Any CPU
		{EBBE7D6E-8520-4D35-A255-07283D4D9ADD}.Debug|Any CPU.Build.0 = Debug|Any CPU
		{EBBE7D6E-8520-4D35-A255-07283D4D9ADD}.Release|Any CPU.ActiveCfg = Release|Any CPU
		{EBBE7D6E-8520-4D35-A255-07283D4D9ADD}.Release|Any CPU.Build.0 = Release|Any CPU
	EndGlobalSection
	GlobalSection(SolutionProperties) = preSolution
		HideSolutionNode = FALSE
	EndGlobalSection
	GlobalSection(NestedProjects) = preSolution
		{119C3128-7FE2-49EF-929E-B2FF6AF4FE01} = {3C929924-BEAC-49FC-B3AB-70A8E50BCB24}
		{37CE1325-7F81-46FA-BAF1-F86FF2F64E2F} = {1DCA365E-3419-4652-BB33-6CB19E48D3AF}
		{59F46978-26AC-429D-BB1E-0D5BF033386D} = {1DCA365E-3419-4652-BB33-6CB19E48D3AF}
		{60F5D521-914C-48B2-A6A8-A215AD4DD3B6} = {1DCA365E-3419-4652-BB33-6CB19E48D3AF}
		{2AE72370-AE3F-4621-98F8-BB2389C33F62} = {1DCA365E-3419-4652-BB33-6CB19E48D3AF}
		{9D216B00-3418-4360-BC8C-201FD9C270D0} = {3C929924-BEAC-49FC-B3AB-70A8E50BCB24}
		{3619C54E-4C4F-4C2A-B9B0-AA3B0BC4A612} = {3C929924-BEAC-49FC-B3AB-70A8E50BCB24}
		{023B0351-7A29-4E56-8E84-181CED290F71} = {A2586B30-717E-4F77-806E-672DD360158A}
		{088C0C9F-21C8-4684-9580-0D6511114A2B} = {1DCA365E-3419-4652-BB33-6CB19E48D3AF}
		{BF817347-C7C9-43CC-A55C-BB3A36B1813B} = {3C929924-BEAC-49FC-B3AB-70A8E50BCB24}
		{EBBE7D6E-8520-4D35-A255-07283D4D9ADD} = {3C929924-BEAC-49FC-B3AB-70A8E50BCB24}
	EndGlobalSection
	GlobalSection(ExtensibilityGlobals) = postSolution
		SolutionGuid = {5CF9C731-B57E-4691-8068-53C2BF7F9473}
	EndGlobalSection
EndGlobal
