
Microsoft Visual Studio Solution File, Format Version 12.00
# Visual Studio Version 17
VisualStudioVersion = 17.0.31903.59
MinimumVisualStudioVersion = 10.0.40219.1
Project("{9A19103F-16F7-4668-BE54-9A1E7A4F7556}") = "FormationDotnet", "FormationDotnet\FormationDotnet.csproj", "{119C3128-7FE2-49EF-929E-B2FF6AF4FE01}"
EndProject
Project("{9A19103F-16F7-4668-BE54-9A1E7A4F7556}") = "ConsoleApp1", "ConsoleApp1\ConsoleApp1.csproj", "{37CE1325-7F81-46FA-BAF1-F86FF2F64E2F}"
EndProject
Project("{9A19103F-16F7-4668-BE54-9A1E7A4F7556}") = "ConsoleApp2", "ConsoleApp2\ConsoleApp2.csproj", "{59F46978-26AC-429D-BB1E-0D5BF033386D}"
EndProject
Project("{FAE04EC0-301F-11D3-BF4B-00C04F79EFBC}") = "ZooRobots", "ZooRobots\ZooRobots.csproj", "{60F5D521-914C-48B2-A6A8-A215AD4DD3B6}"
EndProject
Global
	GlobalSection(SolutionConfigurationPlatforms) = preSolution
		Debug|Any CPU = Debug|Any CPU
		Release|Any CPU = Release|Any CPU
	EndGlobalSection
	GlobalSection(ProjectConfigurationPlatforms) = postSolution
		{119C3128-7FE2-49EF-929E-B2FF6AF4FE01}.Debug|Any CPU.ActiveCfg = Debug|Any CPU
		{119C3128-7FE2-49EF-929E-B2FF6AF4FE01}.Debug|Any CPU.Build.0 = Debug|Any CPU
		{119C3128-7FE2-49EF-929E-B2FF6AF4FE01}.Release|Any CPU.ActiveCfg = Release|Any CPU
		{119C3128-7FE2-49EF-929E-B2FF6AF4FE01}.Release|Any CPU.Build.0 = Release|Any CPU
		{37CE1325-7F81-46FA-BAF1-F86FF2F64E2F}.Debug|Any CPU.ActiveCfg = Debug|Any CPU
		{37CE1325-7F81-46FA-BAF1-F86FF2F64E2F}.Debug|Any CPU.Build.0 = Debug|Any CPU
		{37CE1325-7F81-46FA-BAF1-F86FF2F64E2F}.Release|Any CPU.ActiveCfg = Release|Any CPU
		{37CE1325-7F81-46FA-BAF1-F86FF2F64E2F}.Release|Any CPU.Build.0 = Release|Any CPU
		{59F46978-26AC-429D-BB1E-0D5BF033386D}.Debug|Any CPU.ActiveCfg = Debug|Any CPU
		{59F46978-26AC-429D-BB1E-0D5BF033386D}.Debug|Any CPU.Build.0 = Debug|Any CPU
		{59F46978-26AC-429D-BB1E-0D5BF033386D}.Release|Any CPU.ActiveCfg = Release|Any CPU
		{59F46978-26AC-429D-BB1E-0D5BF033386D}.Release|Any CPU.Build.0 = Release|Any CPU
		{60F5D521-914C-48B2-A6A8-A215AD4DD3B6}.Debug|Any CPU.ActiveCfg = Debug|Any CPU
		{60F5D521-914C-48B2-A6A8-A215AD4DD3B6}.Debug|Any CPU.Build.0 = Debug|Any CPU
		{60F5D521-914C-48B2-A6A8-A215AD4DD3B6}.Release|Any CPU.ActiveCfg = Release|Any CPU
		{60F5D521-914C-48B2-A6A8-A215AD4DD3B6}.Release|Any CPU.Build.0 = Release|Any CPU
	EndGlobalSection
	GlobalSection(SolutionProperties) = preSolution
		HideSolutionNode = FALSE
	EndGlobalSection
	GlobalSection(ExtensibilityGlobals) = postSolution
		SolutionGuid = {5CF9C731-B57E-4691-8068-53C2BF7F9473}
	EndGlobalSection
EndGlobal
